<?xml version="1.0" encoding="utf-8"?>
<Project ToolsVersion="4.0" xmlns="http://schemas.microsoft.com/developer/msbuild/2003">
  <ItemGroup>
    <ClInclude Include="RUBENginePCH.h">
      <Filter>Core</Filter>
    </ClInclude>
    <ClInclude Include="d3dx12.h">
      <Filter>Helpers</Filter>
    </ClInclude>
    <ClInclude Include="Singleton.h">
      <Filter>Helpers</Filter>
    </ClInclude>
    <ClInclude Include="Scene.h">
      <Filter>Scene</Filter>
    </ClInclude>
    <ClInclude Include="BaseComponent.h">
      <Filter>Components</Filter>
    </ClInclude>
    <ClInclude Include="GameObject.h">
      <Filter>Scene</Filter>
    </ClInclude>
    <ClInclude Include="SceneManager.h">
      <Filter>Managers</Filter>
    </ClInclude>
    <ClInclude Include="Application.h">
      <Filter>Core</Filter>
    </ClInclude>
    <ClInclude Include="InputManager.h">
      <Filter>Managers</Filter>
    </ClInclude>
    <ClInclude Include="Window.h">
      <Filter>Core</Filter>
    </ClInclude>
    <ClInclude Include="Logger.h">
      <Filter>Helpers</Filter>
    </ClInclude>
    <ClInclude Include="GameContext.h">
      <Filter>Helpers</Filter>
    </ClInclude>
    <ClInclude Include="ModelComponent.h">
      <Filter>Components</Filter>
    </ClInclude>
  </ItemGroup>
  <ItemGroup>
    <ClCompile Include="RUBENginePCH.cpp">
      <Filter>Core</Filter>
    </ClCompile>
    <ClCompile Include="Scene.cpp">
      <Filter>Scene</Filter>
    </ClCompile>
    <ClCompile Include="GameObject.cpp">
      <Filter>Scene</Filter>
    </ClCompile>
    <ClCompile Include="SceneManager.cpp">
      <Filter>Managers</Filter>
    </ClCompile>
    <ClCompile Include="Application.cpp">
      <Filter>Core</Filter>
    </ClCompile>
    <ClCompile Include="InputManager.cpp">
      <Filter>Managers</Filter>
    </ClCompile>
    <ClCompile Include="Window.cpp">
      <Filter>Core</Filter>
    </ClCompile>
    <ClCompile Include="Logger.cpp">
      <Filter>Helpers</Filter>
    </ClCompile>
    <ClCompile Include="ModelComponent.cpp">
      <Filter>Components</Filter>
    </ClCompile>
  </ItemGroup>
  <ItemGroup>
    <Filter Include="Core">
      <UniqueIdentifier>{27084e50-5793-4363-9ec2-7de487374e34}</UniqueIdentifier>
    </Filter>
    <Filter Include="Helpers">
      <UniqueIdentifier>{d4ea9f4c-37ad-4676-bb4d-78407b6edee6}</UniqueIdentifier>
    </Filter>
    <Filter Include="Scene">
      <UniqueIdentifier>{f5ec5db2-79fc-4f27-8054-61be635e9545}</UniqueIdentifier>
    </Filter>
    <Filter Include="Components">
      <UniqueIdentifier>{9219c3d8-baa3-4a77-a86b-61d03c4c74a2}</UniqueIdentifier>
    </Filter>
    <Filter Include="Managers">
      <UniqueIdentifier>{ad6f6cf2-980c-4c18-aca2-81077b709c4a}</UniqueIdentifier>
    </Filter>
  </ItemGroup>
</Project>